
Microsoft Visual Studio Solution File, Format Version 12.00
# Visual Studio Version 17
VisualStudioVersion = 17.2.32526.322
MinimumVisualStudioVersion = 10.0.40219.1
Project("{FAE04EC0-301F-11D3-BF4B-00C04F79EFBC}") = "Calculadora", "Calculadora.csproj", "{92C4FF70-AB7B-48A1-85ED-771AD5837706}"
EndProject
Global
	GlobalSection(SolutionConfigurationPlatforms) = preSolution
		Debug|Any CPU = Debug|Any CPU
		Release|Any CPU = Release|Any CPU
	EndGlobalSection
	GlobalSection(ProjectConfigurationPlatforms) = postSolution
		{92C4FF70-AB7B-48A1-85ED-771AD5837706}.Debug|Any CPU.ActiveCfg = Debug|Any CPU
		{92C4FF70-AB7B-48A1-85ED-771AD5837706}.Debug|Any CPU.Build.0 = Debug|Any CPU
		{92C4FF70-AB7B-48A1-85ED-771AD5837706}.Release|Any CPU.ActiveCfg = Release|Any CPU
		{92C4FF70-AB7B-48A1-85ED-771AD5837706}.Release|Any CPU.Build.0 = Release|Any CPU
	EndGlobalSection
	GlobalSection(SolutionProperties) = preSolution
		HideSolutionNode = FALSE
	EndGlobalSection
	GlobalSection(ExtensibilityGlobals) = postSolution
		SolutionGuid = {F92A6206-095B-4755-82DA-32E93BBEBBE9}
	EndGlobalSection
EndGlobal
